{
  "lockfile_version": "1",
  "packages": {
    "beam27Packages.elixir@1.18.4": {
      "last_modified": "2025-11-15T07:28:48Z",
      "resolved": "github:NixOS/nixpkgs/1d4c88323ac36805d09657d13a5273aea1b34f0c#beam27Packages.elixir",
      "source": "devbox-search",
      "version": "1.18.4",
      "systems": {
        "aarch64-darwin": {
          "outputs": [
            {
              "name": "out",
              "path": "/nix/store/nk7mp8bl5xs58hmpvhg9c7972cpnzc4b-elixir-1.18.4",
              "default": true
            }
          ],
          "store_path": "/nix/store/nk7mp8bl5xs58hmpvhg9c7972cpnzc4b-elixir-1.18.4"
        },
        "aarch64-linux": {
          "outputs": [
            {
              "name": "out",
              "path": "/nix/store/8ffwr69lbawg5qr4ynjkyvkn9nwbpkb5-elixir-1.18.4",
              "default": true
            }
          ],
          "store_path": "/nix/store/8ffwr69lbawg5qr4ynjkyvkn9nwbpkb5-elixir-1.18.4"
        },
        "x86_64-darwin": {
          "outputs": [
            {
              "name": "out",
              "path": "/nix/store/a6i55n46d86pm36i5gl8lq22yq9sgll8-elixir-1.18.4",
              "default": true
            }
          ],
          "store_path": "/nix/store/a6i55n46d86pm36i5gl8lq22yq9sgll8-elixir-1.18.4"
        },
        "x86_64-linux": {
          "outputs": [
            {
              "name": "out",
              "path": "/nix/store/qvnz2kgr30ks7j3aas39fgpbrzhrcyx7-elixir-1.18.4",
              "default": true
            }
          ],
          "store_path": "/nix/store/qvnz2kgr30ks7j3aas39fgpbrzhrcyx7-elixir-1.18.4"
        }
      }
    },
    "gigalixir@1.15.0": {
      "last_modified": "2025-11-15T07:28:48Z",
      "resolved": "github:NixOS/nixpkgs/1d4c88323ac36805d09657d13a5273aea1b34f0c#gigalixir",
      "source": "devbox-search",
      "version": "1.15.0",
      "systems": {
        "aarch64-darwin": {
          "outputs": [
            {
              "name": "out",
              "path": "/nix/store/41mmwpd5hvmans640dn7vxmzdzxj1zkv-gigalixir-1.15.0",
              "default": true
            },
            {
              "name": "dist",
              "path": "/nix/store/3fqfszj9gjyhsz4xlj93dfl1gcj0g5kw-gigalixir-1.15.0-dist"
            }
          ],
          "store_path": "/nix/store/41mmwpd5hvmans640dn7vxmzdzxj1zkv-gigalixir-1.15.0"
        },
        "aarch64-linux": {
          "outputs": [
            {
              "name": "out",
              "path": "/nix/store/fc4mr1j6g3q5hg3lin5414pklra59g9q-gigalixir-1.15.0",
              "default": true
            },
            {
              "name": "dist",
              "path": "/nix/store/1y1zm096x000a5mx5d08bhplamc8i64d-gigalixir-1.15.0-dist"
            }
          ],
          "store_path": "/nix/store/fc4mr1j6g3q5hg3lin5414pklra59g9q-gigalixir-1.15.0"
        },
        "x86_64-darwin": {
          "outputs": [
            {
              "name": "out",
              "path": "/nix/store/qnignnkvf2saclil9dl507h8mpq6phcb-gigalixir-1.15.0",
              "default": true
            },
            {
              "name": "dist",
              "path": "/nix/store/02pvrrxhsq27f9541n84jj2qbnv8b0a5-gigalixir-1.15.0-dist"
            }
          ],
          "store_path": "/nix/store/qnignnkvf2saclil9dl507h8mpq6phcb-gigalixir-1.15.0"
        },
        "x86_64-linux": {
          "outputs": [
            {
              "name": "out",
              "path": "/nix/store/4a0c9zxrgibnw9qranld8v95y9jppy6f-gigalixir-1.15.0",
              "default": true
            },
            {
              "name": "dist",
              "path": "/nix/store/7vpp13vv679ml6lnzyczizdz11zkjhnh-gigalixir-1.15.0-dist"
            }
          ],
          "store_path": "/nix/store/4a0c9zxrgibnw9qranld8v95y9jppy6f-gigalixir-1.15.0"
        }
      }
    },
    "github:NixOS/nixpkgs/nixpkgs-unstable": {
      "last_modified": "2025-11-23T21:50:36Z",
      "resolved": "github:NixOS/nixpkgs/ee09932cedcef15aaf476f9343d1dea2cb77e261?lastModified=1763934636"
    },
    "glibcLocales@latest": {
      "last_modified": "2025-11-15T07:28:48Z",
      "resolved": "github:NixOS/nixpkgs/1d4c88323ac36805d09657d13a5273aea1b34f0c#glibcLocales",
      "source": "devbox-search",
      "version": "2.40-66",
      "systems": {
        "aarch64-linux": {
          "outputs": [
            {
              "name": "out",
              "path": "/nix/store/6xp6wngm0g3m8w6jwrnclpa16mxxy6sh-glibc-locales-2.40-66",
              "default": true
            }
          ],
          "store_path": "/nix/store/6xp6wngm0g3m8w6jwrnclpa16mxxy6sh-glibc-locales-2.40-66"
        },
        "x86_64-linux": {
          "outputs": [
            {
              "name": "out",
              "path": "/nix/store/0447paawyvfx897vzbcz9jv6jzxnjfrq-glibc-locales-2.40-66",
              "default": true
            }
          ],
          "store_path": "/nix/store/0447paawyvfx897vzbcz9jv6jzxnjfrq-glibc-locales-2.40-66"
        }
      }
    },
    "nodejs-slim@22.20.0": {
      "last_modified": "2025-10-30T18:40:41Z",
      "plugin_version": "0.0.2",
      "resolved": "github:NixOS/nixpkgs/45ebaee5d90bab997812235564af4cf5107bde89#nodejs-slim",
      "source": "devbox-search",
      "version": "22.20.0",
      "systems": {
        "aarch64-darwin": {
          "outputs": [
            {
              "name": "out",
              "path": "/nix/store/g5pd3swxz70x7k816vjd8sv0dxscg5ip-nodejs-slim-22.20.0",
              "default": true
            },
            {
              "name": "dev",
              "path": "/nix/store/q361p7n1r11j9sn9g4xriqnzailkj8ym-nodejs-slim-22.20.0-dev"
            },
            {
              "name": "libv8",
              "path": "/nix/store/ax94i15kw4fk14hn33ilxfxn3mi4yx4j-nodejs-slim-22.20.0-libv8"
            }
          ],
          "store_path": "/nix/store/g5pd3swxz70x7k816vjd8sv0dxscg5ip-nodejs-slim-22.20.0"
        },
        "aarch64-linux": {
          "outputs": [
            {
              "name": "out",
              "path": "/nix/store/ay6avwq7d5h8v3f99lmnx6dxz3i74ysy-nodejs-slim-22.20.0",
              "default": true
            },
            {
              "name": "dev",
              "path": "/nix/store/hgc71c0m83ad9jki5c7dm7g728lq6gwd-nodejs-slim-22.20.0-dev"
            },
            {
              "name": "libv8",
              "path": "/nix/store/anrw6gp9mfhkx8wilbbnis7cqkp9a5yn-nodejs-slim-22.20.0-libv8"
            }
          ],
          "store_path": "/nix/store/ay6avwq7d5h8v3f99lmnx6dxz3i74ysy-nodejs-slim-22.20.0"
        },
        "x86_64-darwin": {
          "outputs": [
            {
              "name": "out",
              "path": "/nix/store/p6bgn5ss1ggidfzv1yp3sf68429kaj79-nodejs-slim-22.20.0",
              "default": true
            },
            {
              "name": "dev",
              "path": "/nix/store/b9fvdjpvl2818f00lgvmhwf3l3qpmcd2-nodejs-slim-22.20.0-dev"
            },
            {
              "name": "libv8",
              "path": "/nix/store/j6lsm6r95g73mqck0az2yl69agjyh08z-nodejs-slim-22.20.0-libv8"
            }
          ],
          "store_path": "/nix/store/p6bgn5ss1ggidfzv1yp3sf68429kaj79-nodejs-slim-22.20.0"
        },
        "x86_64-linux": {
          "outputs": [
            {
              "name": "out",
              "path": "/nix/store/373y8ygzn7wgpdj1fvs018cwkh94c19y-nodejs-slim-22.20.0",
              "default": true
            },
            {
              "name": "dev",
              "path": "/nix/store/48sdi54l0g5ka4fn0j70x9ljasrxvj7i-nodejs-slim-22.20.0-dev"
            },
            {
              "name": "libv8",
              "path": "/nix/store/18w8gn0i8y612niimd7bj6qiv2f4irli-nodejs-slim-22.20.0-libv8"
            }
          ],
          "store_path": "/nix/store/373y8ygzn7wgpdj1fvs018cwkh94c19y-nodejs-slim-22.20.0"
        }
      }
    },
    "postgresql@17.6": {
      "last_modified": "2025-11-12T10:38:40Z",
      "plugin_version": "0.0.2",
      "resolved": "github:NixOS/nixpkgs/91c9a64ce2a84e648d0cf9671274bb9c2fb9ba60#postgresql",
      "source": "devbox-search",
      "version": "17.6",
      "systems": {
        "aarch64-darwin": {
          "outputs": [
            {
              "name": "out",
              "path": "/nix/store/fmwdn3g2yp10m3g5fmhggm0aby5iasis-postgresql-17.6",
              "default": true
            },
            {
              "name": "man",
              "path": "/nix/store/4lca2xc5qn1kvfvxny1943fdr02rq4xg-postgresql-17.6-man",
              "default": true
            },
            {
              "name": "plpython3",
              "path": "/nix/store/sxpzwdjbyd9bw228fa7zaf9a5j3158rh-postgresql-17.6-plpython3"
            },
            {
              "name": "pltcl",
              "path": "/nix/store/cbzk5xxfvcry18gqzaym5ggypd1zsrgz-postgresql-17.6-pltcl"
            },
            {
              "name": "jit",
              "path": "/nix/store/y0rn8w13ysk439glii034r3i0gdw47pm-postgresql-17.6-jit"
            },
            {
              "name": "lib",
              "path": "/nix/store/lddwlvxvk1i0l5mwi4x61a2fkzy0b2vi-postgresql-17.6-lib"
            },
            {
              "name": "dev",
              "path": "/nix/store/xfi3c32g4plkzgsw7ydfdpfgwvrc6klv-postgresql-17.6-dev"
            },
            {
              "name": "doc",
              "path": "/nix/store/lwspn795akq5p5s9xa3swkii9znkmxdb-postgresql-17.6-doc"
            },
            {
              "name": "plperl",
              "path": "/nix/store/207c79wyjy9ibcv3yg1c42npa4rxc6sh-postgresql-17.6-plperl"
            }
          ],
          "store_path": "/nix/store/fmwdn3g2yp10m3g5fmhggm0aby5iasis-postgresql-17.6"
        },
        "aarch64-linux": {
          "outputs": [
            {
              "name": "out",
              "path": "/nix/store/90qfa4mqam3fvqphx7w7l8ja0b9vvfzr-postgresql-17.6",
              "default": true
            },
            {
              "name": "man",
              "path": "/nix/store/a3wq2pa5mp16sga4lnwkrck9mvz69axb-postgresql-17.6-man",
              "default": true
            },
            {
              "name": "plpython3",
              "path": "/nix/store/kdffbhrcgk8mny8h3qwaw71gvpkp7n3k-postgresql-17.6-plpython3"
            },
            {
              "name": "pltcl",
              "path": "/nix/store/kigdc8z8srhha8jb7gacahhnr080i16g-postgresql-17.6-pltcl"
            },
            {
              "name": "doc",
              "path": "/nix/store/xl98ffpxhh71q2c751csbz61kbzi02gl-postgresql-17.6-doc"
            },
            {
              "name": "jit",
              "path": "/nix/store/pp6n9qpmx23vm7hb00dr9cj72xnmhnbv-postgresql-17.6-jit"
            },
            {
              "name": "lib",
              "path": "/nix/store/4cyg8qxfcaqaq1h88x35x57875slpibk-postgresql-17.6-lib"
            },
            {
              "name": "debug",
              "path": "/nix/store/fi50zk8gqyrhfj6qd7g2dmrz4p2hh3n3-postgresql-17.6-debug"
            },
            {
              "name": "dev",
              "path": "/nix/store/klcmgwqa87my0ypyfwb1kciddcfm4xw7-postgresql-17.6-dev"
            },
            {
              "name": "plperl",
              "path": "/nix/store/x0jw6by78qrgvgki055mss57fxzszid3-postgresql-17.6-plperl"
            }
          ],
          "store_path": "/nix/store/90qfa4mqam3fvqphx7w7l8ja0b9vvfzr-postgresql-17.6"
        },
        "x86_64-darwin": {
          "outputs": [
            {
              "name": "out",
              "path": "/nix/store/j9da4p9dyckr0wi7d0kgzpdvcb6xs5y7-postgresql-17.6",
              "default": true
            },
            {
              "name": "man",
              "path": "/nix/store/djwpxz7grrrgcd2kfkqc7kvji8q2cckv-postgresql-17.6-man",
              "default": true
            },
            {
              "name": "lib",
              "path": "/nix/store/5g9xwxp5xgggnsprshvlacz5qlhbnga7-postgresql-17.6-lib"
            },
            {
              "name": "plperl",
              "path": "/nix/store/p1f4kwyya9kjirk5dxvccm76y2hbs7mi-postgresql-17.6-plperl"
            },
            {
              "name": "plpython3",
              "path": "/nix/store/yq168c00rwxfc29knpsvj63c2l5ih634-postgresql-17.6-plpython3"
            },
            {
              "name": "pltcl",
              "path": "/nix/store/l9ysz6ldy38dh5n6pc1xxgzvs5qw1mkd-postgresql-17.6-pltcl"
            },
            {
              "name": "dev",
              "path": "/nix/store/jds4gk5s6ax03da6dcl708qzvf53l8iq-postgresql-17.6-dev"
            },
            {
              "name": "jit",
              "path": "/nix/store/hlm5s6l507x0g4l3vc4kkc6b108l55v9-postgresql-17.6-jit"
            },
            {
              "name": "doc",
              "path": "/nix/store/7syfb8061wvwxsj1hh1abv27f4r4fpg7-postgresql-17.6-doc"
            }
          ],
          "store_path": "/nix/store/j9da4p9dyckr0wi7d0kgzpdvcb6xs5y7-postgresql-17.6"
        },
        "x86_64-linux": {
          "outputs": [
            {
              "name": "out",
              "path": "/nix/store/4n3wdlj53mw2z9j32zg7v1d5hbn5b36x-postgresql-17.6",
              "default": true
            },
            {
              "name": "man",
              "path": "/nix/store/afgipzvizd600izw8aqw7ll6bzyfb7mn-postgresql-17.6-man",
              "default": true
            },
            {
              "name": "debug",
              "path": "/nix/store/m9z5ix1rpz25gf8nanfv2c2a0ax2inni-postgresql-17.6-debug"
            },
            {
              "name": "plpython3",
              "path": "/nix/store/v9s4l6z2dlhxjssa0wy7b5asp0anm8ng-postgresql-17.6-plpython3"
            },
            {
              "name": "pltcl",
              "path": "/nix/store/i5pzm3yyayl67hf8vr2gfnxpv8fdqbqz-postgresql-17.6-pltcl"
            },
            {
              "name": "dev",
              "path": "/nix/store/40wlxs3zyvkl7psva31hx4qvq8qk1wq9-postgresql-17.6-dev"
            },
            {
              "name": "doc",
              "path": "/nix/store/rrdm76xh5hx9j84ax3wlvx57chvw33y8-postgresql-17.6-doc"
            },
            {
              "name": "jit",
              "path": "/nix/store/ak5gcksn8blddcwzxqbv5qchh0a7ax7g-postgresql-17.6-jit"
            },
            {
              "name": "lib",
              "path": "/nix/store/09g5yr15i53l6yfif3p7q86shchwk1wr-postgresql-17.6-lib"
            },
            {
              "name": "plperl",
              "path": "/nix/store/knrb3ayj4xg3yj20ys0f8fq7gslzj5xk-postgresql-17.6-plperl"
            }
          ],
          "store_path": "/nix/store/4n3wdlj53mw2z9j32zg7v1d5hbn5b36x-postgresql-17.6"
        }
      }
    }
  }
}
