{
  "lockfile_version": "1",
  "packages": {
    "elixir@1.16.2": {
      "last_modified": "2024-04-19T17:36:04-04:00",
      "resolved": "github:NixOS/nixpkgs/92d295f588631b0db2da509f381b4fb1e74173c5#elixir",
      "source": "devbox-search",
      "version": "1.16.2",
      "systems": {
        "aarch64-darwin": {
          "outputs": [
            {
              "name": "out",
              "path": "/nix/store/brsygpr1wh3g3zwfabxsfmv1ic5kmyhl-elixir-1.16.2",
              "default": true
            }
          ],
          "store_path": "/nix/store/brsygpr1wh3g3zwfabxsfmv1ic5kmyhl-elixir-1.16.2"
        },
        "aarch64-linux": {
          "outputs": [
            {
              "name": "out",
              "path": "/nix/store/9hk10n5xpc1k5scrb6flzlcxga83knjn-elixir-1.16.2",
              "default": true
            }
          ],
          "store_path": "/nix/store/9hk10n5xpc1k5scrb6flzlcxga83knjn-elixir-1.16.2"
        },
        "x86_64-darwin": {
          "outputs": [
            {
              "name": "out",
              "path": "/nix/store/sdqc3wgphaxi16n6kwgr2shnf7m5z826-elixir-1.16.2",
              "default": true
            }
          ],
          "store_path": "/nix/store/sdqc3wgphaxi16n6kwgr2shnf7m5z826-elixir-1.16.2"
        },
        "x86_64-linux": {
          "outputs": [
            {
              "name": "out",
              "path": "/nix/store/1jgi5yqa1hgqnrycry78rcpikr2kxgb3-elixir-1.16.2",
              "default": true
            }
          ],
          "store_path": "/nix/store/1jgi5yqa1hgqnrycry78rcpikr2kxgb3-elixir-1.16.2"
        }
      }
    },
    "postgresql_16@latest": {
      "last_modified": "2024-04-19T17:36:04-04:00",
      "plugin_version": "0.0.2",
      "resolved": "github:NixOS/nixpkgs/92d295f588631b0db2da509f381b4fb1e74173c5#postgresql_16",
      "source": "devbox-search",
      "version": "16.2",
      "systems": {
        "aarch64-darwin": {
          "outputs": [
            {
              "name": "out",
              "path": "/nix/store/0a41c2v9g02xz8n47fh03fhk5w1wsbda-postgresql-16.2",
              "default": true
            },
            {
              "name": "man",
              "path": "/nix/store/dzj803dijfm1n8fp8j9zvrff83kh27wh-postgresql-16.2-man",
              "default": true
            },
            {
              "name": "doc",
              "path": "/nix/store/d7428z8w9xwkzrvpjrpp00kgp6bf90r7-postgresql-16.2-doc"
            },
            {
              "name": "lib",
              "path": "/nix/store/0m63l05brvxhgb9wrvf12ln5237r43ga-postgresql-16.2-lib"
            }
          ],
          "store_path": "/nix/store/0a41c2v9g02xz8n47fh03fhk5w1wsbda-postgresql-16.2"
        },
        "aarch64-linux": {
          "outputs": [
            {
              "name": "out",
              "path": "/nix/store/1ks1zg210s52g8brmyy44mpwbiy6b735-postgresql-16.2",
              "default": true
            },
            {
              "name": "man",
              "path": "/nix/store/gh921pjc0lkdqxdb8hnwp2rrq6q76s9h-postgresql-16.2-man",
              "default": true
            },
            {
              "name": "doc",
              "path": "/nix/store/ymnnac7rrvvxvw4c3smhphyp90blvkbj-postgresql-16.2-doc"
            },
            {
              "name": "lib",
              "path": "/nix/store/6j1bavdvpwpflfzrqydq1x4hjl1dbdgc-postgresql-16.2-lib"
            },
            {
              "name": "debug",
              "path": "/nix/store/1j9g6hyl25g7w1ans899nfjcacdw0199-postgresql-16.2-debug"
            }
          ],
          "store_path": "/nix/store/1ks1zg210s52g8brmyy44mpwbiy6b735-postgresql-16.2"
        },
        "x86_64-darwin": {
          "outputs": [
            {
              "name": "out",
              "path": "/nix/store/sjzphkjssb5v4cdj6jyc6d0i51563hvv-postgresql-16.2",
              "default": true
            },
            {
              "name": "man",
              "path": "/nix/store/2wfc6xi1ix6l4w2c14h0ypdwzvmf8v9m-postgresql-16.2-man",
              "default": true
            },
            {
              "name": "doc",
              "path": "/nix/store/znz1njky0kaq1gny2zdgj4dys49nl6ay-postgresql-16.2-doc"
            },
            {
              "name": "lib",
              "path": "/nix/store/a6jrw80wwfaj3kj4zmn78g1f2x0c8nvw-postgresql-16.2-lib"
            }
          ],
          "store_path": "/nix/store/sjzphkjssb5v4cdj6jyc6d0i51563hvv-postgresql-16.2"
        },
        "x86_64-linux": {
          "outputs": [
            {
              "name": "out",
              "path": "/nix/store/dvkdz7ywlxmd8448pvdymz7izvik0v2x-postgresql-16.2",
              "default": true
            },
            {
              "name": "man",
              "path": "/nix/store/fy0rp2pp7s56437xr7sh34b7nrs8hi1h-postgresql-16.2-man",
              "default": true
            },
            {
              "name": "debug",
              "path": "/nix/store/qqn37ih13rz7z31q3fn2k4m8mpl7gnbg-postgresql-16.2-debug"
            },
            {
              "name": "doc",
              "path": "/nix/store/64idxg28bk7xamzkf2s25ymiyh188gb4-postgresql-16.2-doc"
            },
            {
              "name": "lib",
              "path": "/nix/store/hx6d6ia82bci57ypsagmgv0a2h2k9ah1-postgresql-16.2-lib"
            }
          ],
          "store_path": "/nix/store/dvkdz7ywlxmd8448pvdymz7izvik0v2x-postgresql-16.2"
        }
      }
    }
  }
}
