{
  "lockfile_version": "1",
  "packages": {
    "erlang_27@27.0": {
      "last_modified": "2024-06-21T06:40:32Z",
      "resolved": "github:NixOS/nixpkgs/ed0af8c19f55bede71dc9c2002185cf228339901#erlang_27",
      "source": "devbox-search",
      "version": "27.0",
      "systems": {
        "aarch64-darwin": {
          "outputs": [
            {
              "name": "out",
              "path": "/nix/store/sv9kbdscq977jn9ky51ip31d8hzx8gry-erlang-27.0",
              "default": true
            }
          ],
          "store_path": "/nix/store/sv9kbdscq977jn9ky51ip31d8hzx8gry-erlang-27.0"
        },
        "aarch64-linux": {
          "outputs": [
            {
              "name": "out",
              "path": "/nix/store/zf6cs1x05jbhil974dyblc1b12k0wla4-erlang-27.0",
              "default": true
            }
          ],
          "store_path": "/nix/store/zf6cs1x05jbhil974dyblc1b12k0wla4-erlang-27.0"
        },
        "x86_64-darwin": {
          "outputs": [
            {
              "name": "out",
              "path": "/nix/store/8v1wyy0g4si7zzi3mwmhspq6aw7qzfsi-erlang-27.0",
              "default": true
            }
          ],
          "store_path": "/nix/store/8v1wyy0g4si7zzi3mwmhspq6aw7qzfsi-erlang-27.0"
        },
        "x86_64-linux": {
          "outputs": [
            {
              "name": "out",
              "path": "/nix/store/yznrdhr1xpjqz8am89mlvsnm1983cpls-erlang-27.0",
              "default": true
            }
          ],
          "store_path": "/nix/store/yznrdhr1xpjqz8am89mlvsnm1983cpls-erlang-27.0"
        }
      }
    },
    "postgresql_16@latest": {
      "last_modified": "2024-06-15T16:48:02Z",
      "plugin_version": "0.0.2",
      "resolved": "github:NixOS/nixpkgs/3027ba73dfef68eb555fc2fa97aed4e999e74f97#postgresql_16",
      "source": "devbox-search",
      "version": "16.3",
      "systems": {
        "aarch64-darwin": {
          "outputs": [
            {
              "name": "out",
              "path": "/nix/store/vl3pk26iqibzi5k963w5lzr1h66bz0p8-postgresql-16.3",
              "default": true
            },
            {
              "name": "man",
              "path": "/nix/store/fvbm05lzrmjyp4fgbj2rwhy18nghp2ig-postgresql-16.3-man",
              "default": true
            },
            {
              "name": "doc",
              "path": "/nix/store/8c0fjapfsm0d4l14v6jy0i7md26mrsaw-postgresql-16.3-doc"
            },
            {
              "name": "lib",
              "path": "/nix/store/r6kgpxp1ap8h28wr60qlxzy02ijj279d-postgresql-16.3-lib"
            }
          ],
          "store_path": "/nix/store/vl3pk26iqibzi5k963w5lzr1h66bz0p8-postgresql-16.3"
        },
        "aarch64-linux": {
          "outputs": [
            {
              "name": "out",
              "path": "/nix/store/cnpgva0j4d5rb1l5kp9iqiivav5710nb-postgresql-16.3",
              "default": true
            },
            {
              "name": "man",
              "path": "/nix/store/i2x2x12vaj5qz2wh455yawybak5v8wqk-postgresql-16.3-man",
              "default": true
            },
            {
              "name": "debug",
              "path": "/nix/store/ybgvajwd1g8mvif6n6s1a61x9rznv7s9-postgresql-16.3-debug"
            },
            {
              "name": "doc",
              "path": "/nix/store/sz9grr5vmz2jjiqrar6zxmgskskjv9c6-postgresql-16.3-doc"
            },
            {
              "name": "lib",
              "path": "/nix/store/7qvazcsvq7vbfkalzmlrsk98j57f7yf4-postgresql-16.3-lib"
            }
          ],
          "store_path": "/nix/store/cnpgva0j4d5rb1l5kp9iqiivav5710nb-postgresql-16.3"
        },
        "x86_64-darwin": {
          "outputs": [
            {
              "name": "out",
              "path": "/nix/store/pcf220104xny8w0m9vzc7ss4yqrpg0rw-postgresql-16.3",
              "default": true
            },
            {
              "name": "man",
              "path": "/nix/store/q1sdkji0ifbzzn7qkpqyvb2zligg70fd-postgresql-16.3-man",
              "default": true
            },
            {
              "name": "lib",
              "path": "/nix/store/623g1qrqmrzk9k3bqallws9lclpg8an4-postgresql-16.3-lib"
            },
            {
              "name": "doc",
              "path": "/nix/store/8cxz5k066bxmq0qkpy25m30fl30l1b94-postgresql-16.3-doc"
            }
          ],
          "store_path": "/nix/store/pcf220104xny8w0m9vzc7ss4yqrpg0rw-postgresql-16.3"
        },
        "x86_64-linux": {
          "outputs": [
            {
              "name": "out",
              "path": "/nix/store/b1l2ay4q6bviyphkzi9dkqc0if6s34k7-postgresql-16.3",
              "default": true
            },
            {
              "name": "man",
              "path": "/nix/store/8cqmvbfn6z0fcaf04vyaa2b4q53wyb4w-postgresql-16.3-man",
              "default": true
            },
            {
              "name": "doc",
              "path": "/nix/store/jbbv7i6aa9adrph81pcd31bghkfbvzbb-postgresql-16.3-doc"
            },
            {
              "name": "lib",
              "path": "/nix/store/gnycmqxsp7f4lwcrgypx989phzsi7zha-postgresql-16.3-lib"
            },
            {
              "name": "debug",
              "path": "/nix/store/30a4h5n8ibwf85v9fn6d86v6rzcn42x4-postgresql-16.3-debug"
            }
          ],
          "store_path": "/nix/store/b1l2ay4q6bviyphkzi9dkqc0if6s34k7-postgresql-16.3"
        }
      }
    }
  }
}
