lockfileVersion: '9.0'

settings:
  autoInstallPeers: true
  excludeLinksFromLockfile: false

importers:

  .:
    dependencies:
      phoenix:
        specifier: file:../deps/phoenix
        version: file:../deps/phoenix
      phoenix_html:
        specifier: file:../deps/phoenix_html
        version: file:../deps/phoenix_html
      phoenix_live_view:
        specifier: 1.1.26
        version: 1.1.26
      topbar:
        specifier: ^3.0.1
        version: 3.0.1
    devDependencies:
      js-yaml:
        specifier: ^4.1.1
        version: 4.1.1
      syncpack:
        specifier: ^14.1.0
        version: 14.1.0

packages:

  argparse@2.0.1:
    resolution: {integrity: sha512-8+9WqebbFzpX9OR+Wa6O29asIogeRMzcGtAINdpMHHyAg10f05aSFVBbcEqGf/PXw1EjAZ+q2/bEBg3DvurK3Q==}

  js-yaml@4.1.1:
    resolution: {integrity: sha512-qQKT4zQxXl8lLwBtHMWwaTcGfFOZviOJet3Oy/xmGk2gZH677CJM9EvtfdSkgWcATZhj/55JZ0rmy3myCT5lsA==}
    hasBin: true

  morphdom@2.7.8:
    resolution: {integrity: sha512-D/fR4xgGUyVRbdMGU6Nejea1RFzYxYtyurG4Fbv2Fi/daKlWKuXGLOdXtl+3eIwL110cI2hz1ZojGICjjFLgTg==}

  phoenix@file:../deps/phoenix:
    resolution: {directory: ../deps/phoenix, type: directory}

  phoenix_html@file:../deps/phoenix_html:
    resolution: {directory: ../deps/phoenix_html, type: directory}

  phoenix_live_view@1.1.26:
    resolution: {integrity: sha512-k6CeDOHK/IdvHDCS+UCIJC1HhySztrbv5ax83pwxgMeP23eB06zI93rzSzEvKTPBZIp4DWRuLxfYhAGds0jJAw==}

  syncpack-darwin-arm64@14.1.0:
    resolution: {integrity: sha512-w7Ggqfy5XlzkGN7HcX8wH+hyd09rq9/UT+lkTPApZ6AekEqmxP3RLnRLTe9GiFWyZRxgLVAf7YWZ2k534m07PQ==}
    cpu: [arm64]
    os: [darwin]

  syncpack-darwin-x64@14.1.0:
    resolution: {integrity: sha512-iHjuvRtXtRHaf9h+N0eRdh55fye7XXqfXwFOslq+opDqUodTJwmqeiWYHencf+++I0LS3OZ5LHzQi79835Do+A==}
    cpu: [x64]
    os: [darwin]

  syncpack-linux-arm64-musl@14.1.0:
    resolution: {integrity: sha512-YH/BDnW9AAzW9/0w2PSALTt81usfatD1CeorIHlL7rKpXaZMTsxTNrMqJLdVUDCXdQeRw9ldUEiPzteQm6zbuA==}
    cpu: [arm64]
    os: [linux]

  syncpack-linux-arm64@14.1.0:
    resolution: {integrity: sha512-f75fBuveMnLrciM7tRkJHnu7Dxv5Be9YHpu5onpdG1V2sKsUPeiZptNeRH5mMNSbZFOfx68spZB7Gu7riRTIkw==}
    cpu: [arm64]
    os: [linux]

  syncpack-linux-x64-musl@14.1.0:
    resolution: {integrity: sha512-9+D/QpL/AjYG6r2el95EkAJkm3u1CJV9dAmeAAehwJ2mDg5LMnhdMJkdaayOM9opQcjESCYOVCXU4PCgy3TCRg==}
    cpu: [x64]
    os: [linux]

  syncpack-linux-x64@14.1.0:
    resolution: {integrity: sha512-Yoin2bc1VXpWoN+iQjJQ6GijEOBej7Y8VB2dmj1DKVRRMT8Sb2mapEv0B5NLKrXh20BR8A5JeGxVVoF510WETQ==}
    cpu: [x64]
    os: [linux]

  syncpack-windows-arm64@14.1.0:
    resolution: {integrity: sha512-LwxunC5lU4Febq7fwWSc/+pN3e8GHVqQaQJSHcGSSWTwxJ1Rep13FYCKESPT6GW4/GW6Sa5rwGhG1n6Ldo4JmA==}
    cpu: [arm64]
    os: [win32]

  syncpack-windows-x64@14.1.0:
    resolution: {integrity: sha512-ECZFzBWph0P9CM1P6Mwmj8C8U/uuMfBdbBKrCVlqUMiFxKiWq5eiGGRqFFm+DWPD+GGLmmTNgdok0wu4CB/lMg==}
    cpu: [x64]
    os: [win32]

  syncpack@14.1.0:
    resolution: {integrity: sha512-sk0u95rpgpLeW/SWqeZ3q5jsfJwAZ4FqFqy3mG6WBEbRKbaEK3LA69Q7ocnuCxHrWA54kg7Stu63fSY/pr0tmw==}
    engines: {node: '>=14.17.0'}
    hasBin: true

  topbar@3.0.1:
    resolution: {integrity: sha512-3CFWdkUC4KLsyLpW8IcX5EXskFtJtNl9O2/qNO/4Ncd/lWgipY/pmyv0D8bw2bTepl/+MUGhNhu2n3IitUuQNA==}

snapshots:

  argparse@2.0.1: {}

  js-yaml@4.1.1:
    dependencies:
      argparse: 2.0.1

  morphdom@2.7.8: {}

  phoenix@file:../deps/phoenix: {}

  phoenix_html@file:../deps/phoenix_html: {}

  phoenix_live_view@1.1.26:
    dependencies:
      morphdom: 2.7.8

  syncpack-darwin-arm64@14.1.0:
    optional: true

  syncpack-darwin-x64@14.1.0:
    optional: true

  syncpack-linux-arm64-musl@14.1.0:
    optional: true

  syncpack-linux-arm64@14.1.0:
    optional: true

  syncpack-linux-x64-musl@14.1.0:
    optional: true

  syncpack-linux-x64@14.1.0:
    optional: true

  syncpack-windows-arm64@14.1.0:
    optional: true

  syncpack-windows-x64@14.1.0:
    optional: true

  syncpack@14.1.0:
    optionalDependencies:
      syncpack-darwin-arm64: 14.1.0
      syncpack-darwin-x64: 14.1.0
      syncpack-linux-arm64: 14.1.0
      syncpack-linux-arm64-musl: 14.1.0
      syncpack-linux-x64: 14.1.0
      syncpack-linux-x64-musl: 14.1.0
      syncpack-windows-arm64: 14.1.0
      syncpack-windows-x64: 14.1.0

  topbar@3.0.1: {}
