lockfileVersion: '9.0'

settings:
  autoInstallPeers: true
  excludeLinksFromLockfile: false

importers:

  .:
    dependencies:
      phoenix:
        specifier: file:../deps/phoenix
        version: file:../deps/phoenix
      phoenix_html:
        specifier: file:../deps/phoenix_html
        version: file:../deps/phoenix_html
      phoenix_live_view:
        specifier: 1.1.28
        version: 1.1.28
      topbar:
        specifier: ^3.0.1
        version: 3.0.1
    devDependencies:
      js-yaml:
        specifier: ^4.1.1
        version: 4.1.1
      syncpack:
        specifier: ^14.3.1
        version: 14.3.1

packages:

  argparse@2.0.1:
    resolution: {integrity: sha512-8+9WqebbFzpX9OR+Wa6O29asIogeRMzcGtAINdpMHHyAg10f05aSFVBbcEqGf/PXw1EjAZ+q2/bEBg3DvurK3Q==}

  js-yaml@4.1.1:
    resolution: {integrity: sha512-qQKT4zQxXl8lLwBtHMWwaTcGfFOZviOJet3Oy/xmGk2gZH677CJM9EvtfdSkgWcATZhj/55JZ0rmy3myCT5lsA==}
    hasBin: true

  morphdom@2.7.8:
    resolution: {integrity: sha512-D/fR4xgGUyVRbdMGU6Nejea1RFzYxYtyurG4Fbv2Fi/daKlWKuXGLOdXtl+3eIwL110cI2hz1ZojGICjjFLgTg==}

  phoenix@file:../deps/phoenix:
    resolution: {directory: ../deps/phoenix, type: directory}

  phoenix_html@file:../deps/phoenix_html:
    resolution: {directory: ../deps/phoenix_html, type: directory}

  phoenix_live_view@1.1.28:
    resolution: {integrity: sha512-YXpMxwBE9HLCRk8fO+2p0cfYB5EIyvvTPfQeYA8PLmcX29Yu/LNy7aoqQoMAhedXMXCtx1nlPnG/TljnsA9WTQ==}

  syncpack-darwin-arm64@14.3.1:
    resolution: {integrity: sha512-WtHbqXCEDSRzdqTIroYqYSMW/0yQ8dYvpucQ6SKsbVE86K5wjFd37TOIDFM5NLudCYASJpy4FXv7G/HxHAyRLw==}
    cpu: [arm64]
    os: [darwin]

  syncpack-darwin-x64@14.3.1:
    resolution: {integrity: sha512-K+Zx1TN67vllDLrouc6YISOhhWm7RxrRE7087ea36T85WNq4JvI+M3UBJoxRjaJ+0v3wBA2YmBzEHzJg8skAww==}
    cpu: [x64]
    os: [darwin]

  syncpack-linux-arm64-musl@14.3.1:
    resolution: {integrity: sha512-gZTLgIS0irmZx2HjZqco9YsbYe6sz/5Lce/yKmTBdCaHCpurb+TZA97nu5FxXSAA0HKs3Nzi8CDjNzv+yAQUXw==}
    cpu: [arm64]
    os: [linux]

  syncpack-linux-arm64@14.3.1:
    resolution: {integrity: sha512-+5fXNoKz2ZqQszplZGp6J9ZKL6JW1hr3BMjEkklYz+jufX9rH/MWY0hcRCfHJSuvcTUrsYo/koqU/UnBiANjGg==}
    cpu: [arm64]
    os: [linux]

  syncpack-linux-x64-musl@14.3.1:
    resolution: {integrity: sha512-NK+1Qm762bbXDYqAz2+++NlJ9jONX+3Hrulp4XpytFEIGABiy8wIzouBpxZkppf30+1mxt4o8LMtZ8P54/ObNA==}
    cpu: [x64]
    os: [linux]

  syncpack-linux-x64@14.3.1:
    resolution: {integrity: sha512-v1Y4D0oB2uIx+Npy1eD384adOSKvrjtu3VodjcQ/2aK4rTjVZl3k4eOA5py4I4Qdt6+zC6n+t5KrGuiaiBlbWQ==}
    cpu: [x64]
    os: [linux]

  syncpack-windows-arm64@14.3.1:
    resolution: {integrity: sha512-xf+i8B5dDc3AIG8ZFF215gLQF0PKXQC6I8skmEfGy36oFh3VTAJKBjgEg6P8R3FC9/kRzkWFcDZmNLkbKN6YmA==}
    cpu: [arm64]
    os: [win32]

  syncpack-windows-x64@14.3.1:
    resolution: {integrity: sha512-gjbWwc05RcekcrLHOi5gq0JKvhoIMNqbUnAvPZLu46/+HrYuuJiUqruoj6y/GbCuvoQ880E820GF1pQFW9xNXA==}
    cpu: [x64]
    os: [win32]

  syncpack@14.3.1:
    resolution: {integrity: sha512-TCqOY6Z7TH5yHV3saI6sHb5XRsZ8m2DaI4FQMonKT7UoCKL2WBiI54PLEFDSv1F2sL1BZA5e1opprf190ohirg==}
    engines: {node: '>=14.17.0'}
    hasBin: true

  topbar@3.0.1:
    resolution: {integrity: sha512-3CFWdkUC4KLsyLpW8IcX5EXskFtJtNl9O2/qNO/4Ncd/lWgipY/pmyv0D8bw2bTepl/+MUGhNhu2n3IitUuQNA==}

snapshots:

  argparse@2.0.1: {}

  js-yaml@4.1.1:
    dependencies:
      argparse: 2.0.1

  morphdom@2.7.8: {}

  phoenix@file:../deps/phoenix: {}

  phoenix_html@file:../deps/phoenix_html: {}

  phoenix_live_view@1.1.28:
    dependencies:
      morphdom: 2.7.8

  syncpack-darwin-arm64@14.3.1:
    optional: true

  syncpack-darwin-x64@14.3.1:
    optional: true

  syncpack-linux-arm64-musl@14.3.1:
    optional: true

  syncpack-linux-arm64@14.3.1:
    optional: true

  syncpack-linux-x64-musl@14.3.1:
    optional: true

  syncpack-linux-x64@14.3.1:
    optional: true

  syncpack-windows-arm64@14.3.1:
    optional: true

  syncpack-windows-x64@14.3.1:
    optional: true

  syncpack@14.3.1:
    optionalDependencies:
      syncpack-darwin-arm64: 14.3.1
      syncpack-darwin-x64: 14.3.1
      syncpack-linux-arm64: 14.3.1
      syncpack-linux-arm64-musl: 14.3.1
      syncpack-linux-x64: 14.3.1
      syncpack-linux-x64-musl: 14.3.1
      syncpack-windows-arm64: 14.3.1
      syncpack-windows-x64: 14.3.1

  topbar@3.0.1: {}
