lockfileVersion: '9.0'

settings:
  autoInstallPeers: true
  excludeLinksFromLockfile: false

importers:

  .:
    dependencies:
      phoenix:
        specifier: file:../deps/phoenix
        version: file:../deps/phoenix
      phoenix_html:
        specifier: file:../deps/phoenix_html
        version: file:../deps/phoenix_html
      topbar:
        specifier: ^3.0.1
        version: 3.0.1
    devDependencies:
      js-yaml:
        specifier: ^4.1.1
        version: 4.1.1
      phoenix_live_view:
        specifier: 1.1.30
        version: 1.1.30
      syncpack:
        specifier: ^15.1.2
        version: 15.1.2

packages:

  argparse@2.0.1:
    resolution: {integrity: sha512-8+9WqebbFzpX9OR+Wa6O29asIogeRMzcGtAINdpMHHyAg10f05aSFVBbcEqGf/PXw1EjAZ+q2/bEBg3DvurK3Q==}

  js-yaml@4.1.1:
    resolution: {integrity: sha512-qQKT4zQxXl8lLwBtHMWwaTcGfFOZviOJet3Oy/xmGk2gZH677CJM9EvtfdSkgWcATZhj/55JZ0rmy3myCT5lsA==}
    hasBin: true

  morphdom@2.7.8:
    resolution: {integrity: sha512-D/fR4xgGUyVRbdMGU6Nejea1RFzYxYtyurG4Fbv2Fi/daKlWKuXGLOdXtl+3eIwL110cI2hz1ZojGICjjFLgTg==}

  phoenix@file:../deps/phoenix:
    resolution: {directory: ../deps/phoenix, type: directory}

  phoenix_html@file:../deps/phoenix_html:
    resolution: {directory: ../deps/phoenix_html, type: directory}

  phoenix_live_view@1.1.30:
    resolution: {integrity: sha512-M5fQmoJj9H4mQ98sqdKKc7E2PxLWMJJU7TzZfSC+tcNHTgDDhZKi33NpOKosLmNbkIdlnA6DZ1J6TfgndKV+6w==}

  syncpack-darwin-arm64@15.1.2:
    resolution: {integrity: sha512-RQET2RNmX7yKorqCE6Q7kppC7eT9lw742QYPfWIL8Nh26RerT+erOp8zhdgv/3OmDkETF9olqyts79HY48V4SA==}
    cpu: [arm64]
    os: [darwin]

  syncpack-darwin-x64@15.1.2:
    resolution: {integrity: sha512-pmVr4Qw5o42aUfeZVaPXmnQNaoMhBNywcFK24FqSlo3MCK3WCJ0UwfhmcD7u82BGwASd4RFPGxgV18iJLFRnoA==}
    cpu: [x64]
    os: [darwin]

  syncpack-linux-arm64-musl@15.1.2:
    resolution: {integrity: sha512-Xs1wOUrMZqu0yo85NjAiccbBVkDYhT2P8yOh2+R56MK7ywtyBuM3TxR2IwEmXE8NPW3++hzdF0a7a7IbiW74bQ==}
    cpu: [arm64]
    os: [linux]

  syncpack-linux-arm64@15.1.2:
    resolution: {integrity: sha512-iRsv6tPNX9ZaDEjjpFdYwJj6EHerMVzl2euWt6qmYaW8/SaR6s5W+cc+qXPXijPsBlK65gibdHBfsBgJYB//CA==}
    cpu: [arm64]
    os: [linux]

  syncpack-linux-x64-musl@15.1.2:
    resolution: {integrity: sha512-bBtQUTEECd1nefHWfQskwkFdaVXn54whSLHacc9bQijqn4p8lZ2JR3vokqVx8w/dKSrJsxkEM4K7zfHOori38w==}
    cpu: [x64]
    os: [linux]

  syncpack-linux-x64@15.1.2:
    resolution: {integrity: sha512-Vwc7HLu05rUTgoN2zwcM/F/KiSw7/1prb/S4P+P5UtLXHfQ3Y23dvW1el6ABg7pOBbk08Zgr3i4DSS7Wiw0rog==}
    cpu: [x64]
    os: [linux]

  syncpack-windows-arm64@15.1.2:
    resolution: {integrity: sha512-WZnjy0zM9TNWCKxNVo6PGprBKusYykqiAj2qGYWgkMMtGECpFOfEsrmt3R4s58ttQMAg44N+HVDhXtIFQeJOpg==}
    cpu: [arm64]
    os: [win32]

  syncpack-windows-x64@15.1.2:
    resolution: {integrity: sha512-xyWsvn2Bbvubt4sIZGguqbv8pXiGWKifIYgzZWWUIWdaNvGThNLlrEWBlHABDx+Ov1yKLiKHjBiXQMgplMN92w==}
    cpu: [x64]
    os: [win32]

  syncpack@15.1.2:
    resolution: {integrity: sha512-LDDT44/Skk5r6cDsbemGPD1t8p40iBqWz0Kkj5Khmx/e4blaXSA+nckYepHgb9xLY8Be+xuS0gVWHsYjKZufIw==}
    engines: {node: '>=14.17.0'}
    hasBin: true

  topbar@3.0.1:
    resolution: {integrity: sha512-3CFWdkUC4KLsyLpW8IcX5EXskFtJtNl9O2/qNO/4Ncd/lWgipY/pmyv0D8bw2bTepl/+MUGhNhu2n3IitUuQNA==}

snapshots:

  argparse@2.0.1: {}

  js-yaml@4.1.1:
    dependencies:
      argparse: 2.0.1

  morphdom@2.7.8: {}

  phoenix@file:../deps/phoenix: {}

  phoenix_html@file:../deps/phoenix_html: {}

  phoenix_live_view@1.1.30:
    dependencies:
      morphdom: 2.7.8

  syncpack-darwin-arm64@15.1.2:
    optional: true

  syncpack-darwin-x64@15.1.2:
    optional: true

  syncpack-linux-arm64-musl@15.1.2:
    optional: true

  syncpack-linux-arm64@15.1.2:
    optional: true

  syncpack-linux-x64-musl@15.1.2:
    optional: true

  syncpack-linux-x64@15.1.2:
    optional: true

  syncpack-windows-arm64@15.1.2:
    optional: true

  syncpack-windows-x64@15.1.2:
    optional: true

  syncpack@15.1.2:
    optionalDependencies:
      syncpack-darwin-arm64: 15.1.2
      syncpack-darwin-x64: 15.1.2
      syncpack-linux-arm64: 15.1.2
      syncpack-linux-arm64-musl: 15.1.2
      syncpack-linux-x64: 15.1.2
      syncpack-linux-x64-musl: 15.1.2
      syncpack-windows-arm64: 15.1.2
      syncpack-windows-x64: 15.1.2

  topbar@3.0.1: {}
