# THIS IS AN AUTOGENERATED FILE. DO NOT EDIT THIS FILE DIRECTLY.
# yarn lockfile v1


"phoenix@file:../deps/phoenix":
  version "1.7.9"

"phoenix_html@file:../deps/phoenix_html":
  version "3.3.3"

phoenix_live_view@^0.20.1:
  version "0.20.1"
  resolved "https://registry.yarnpkg.com/phoenix_live_view/-/phoenix_live_view-0.20.1.tgz#0fd4e4c6822a996cabbb5b946cf16d1186a046cb"
  integrity sha512-bEFec53iySU9MvSIgGA/T7F8Ikqvu5qlFzBn+nY88T36ZsIp/8SJJZqF8foWMOb7+Pb721tt04cz6T7dq0ZdrA==

topbar@^2.0.1:
  version "2.0.1"
  resolved "https://registry.yarnpkg.com/topbar/-/topbar-2.0.1.tgz#03a0ae1a92ff9566af8b0c7ddf711f5303bf40a3"
  integrity sha512-4KvcxrJuGS3wkx8QacT7dfnkwyPJOuDzGUvHO/GDZqgoEEEFKTnZqCC6PYcvuZ0OfMNdyyKeAzVB2MPk0BIe8A==
