# THIS IS AN AUTOGENERATED FILE. DO NOT EDIT THIS FILE DIRECTLY.
# yarn lockfile v1


"phoenix@file:../deps/phoenix":
  version "1.7.11"

"phoenix_html@file:../deps/phoenix_html":
  version "4.1.0"

phoenix_live_view@^0.20.1:
  version "0.20.12"
  resolved "https://registry.yarnpkg.com/phoenix_live_view/-/phoenix_live_view-0.20.12.tgz#c5b26f2c62e95b5dfd22580123b3080ea7bd01d6"
  integrity sha512-TbKxU+61gAchfwQ7F5o8qjX5aYxJN5njXkD71p5dbfjYvNAIR5yFyD57kb+4yJtlqq/7AGgKDf05L1ubdGP0kg==

topbar@^2.0.1:
  version "2.0.2"
  resolved "https://registry.yarnpkg.com/topbar/-/topbar-2.0.2.tgz#fd5890a84553da2469f35d24e6304e7f71d179e2"
  integrity sha512-hCKoSaWxXqGIgjag8rIVajysE41as7ti5z9GDO5rcx2zmII1/rY5zvO9IgKwbf50HL82EzlimL6OmPYPUgbpEw==
